
Microsoft Visual Studio Solution File, Format Version 12.00
# Visual Studio Version 16
VisualStudioVersion = 16.0.28803.916
MinimumVisualStudioVersion = 10.0.40219.1
Project("{FAE04EC0-301F-11D3-BF4B-00C04F79EFBC}") = "Aula_14_02_22", "Aula_14_02_22\Aula_14_02_22.csproj", "{782702BF-4974-4476-B7C2-F80F7462A8D1}"
EndProject
Project("{FAE04EC0-301F-11D3-BF4B-00C04F79EFBC}") = "Aula_17_02_22", "Aula_17_02_22\Aula_17_02_22.csproj", "{AD4F2983-A90B-4CB3-A2DB-CE63ABBEA077}"
EndProject
Project("{9A19103F-16F7-4668-BE54-9A1E7A4F7556}") = "Aula_10_02_22", "Aula_10_02_22\Aula_10_02_22.csproj", "{156157F1-CAFF-4FEB-B1DA-F96CF196B7A7}"
EndProject
Project("{FAE04EC0-301F-11D3-BF4B-00C04F79EFBC}") = "Aula_21_02_22", "Aula_21_02_22\Aula_21_02_22.csproj", "{4E7FE4C4-6513-41C2-BFFC-15F9EB452314}"
EndProject
Project("{FAE04EC0-301F-11D3-BF4B-00C04F79EFBC}") = "Aula_24_02_22", "Aula_24_02_22\Aula_24_02_22.csproj", "{00171824-D2C2-45C2-8619-410765B3308E}"
EndProject
Project("{FAE04EC0-301F-11D3-BF4B-00C04F79EFBC}") = "Aula_17_03_22", "Aula_17_03_22\Aula_17_03_22.csproj", "{80FE84B3-7D31-400B-963A-FADE72002EE3}"
EndProject
Global
	GlobalSection(SolutionConfigurationPlatforms) = preSolution
		Debug|Any CPU = Debug|Any CPU
		Release|Any CPU = Release|Any CPU
	EndGlobalSection
	GlobalSection(ProjectConfigurationPlatforms) = postSolution
		{782702BF-4974-4476-B7C2-F80F7462A8D1}.Debug|Any CPU.ActiveCfg = Debug|Any CPU
		{782702BF-4974-4476-B7C2-F80F7462A8D1}.Debug|Any CPU.Build.0 = Debug|Any CPU
		{782702BF-4974-4476-B7C2-F80F7462A8D1}.Release|Any CPU.ActiveCfg = Release|Any CPU
		{782702BF-4974-4476-B7C2-F80F7462A8D1}.Release|Any CPU.Build.0 = Release|Any CPU
		{AD4F2983-A90B-4CB3-A2DB-CE63ABBEA077}.Debug|Any CPU.ActiveCfg = Debug|Any CPU
		{AD4F2983-A90B-4CB3-A2DB-CE63ABBEA077}.Debug|Any CPU.Build.0 = Debug|Any CPU
		{AD4F2983-A90B-4CB3-A2DB-CE63ABBEA077}.Release|Any CPU.ActiveCfg = Release|Any CPU
		{AD4F2983-A90B-4CB3-A2DB-CE63ABBEA077}.Release|Any CPU.Build.0 = Release|Any CPU
		{156157F1-CAFF-4FEB-B1DA-F96CF196B7A7}.Debug|Any CPU.ActiveCfg = Debug|Any CPU
		{156157F1-CAFF-4FEB-B1DA-F96CF196B7A7}.Debug|Any CPU.Build.0 = Debug|Any CPU
		{156157F1-CAFF-4FEB-B1DA-F96CF196B7A7}.Release|Any CPU.ActiveCfg = Release|Any CPU
		{156157F1-CAFF-4FEB-B1DA-F96CF196B7A7}.Release|Any CPU.Build.0 = Release|Any CPU
		{4E7FE4C4-6513-41C2-BFFC-15F9EB452314}.Debug|Any CPU.ActiveCfg = Debug|Any CPU
		{4E7FE4C4-6513-41C2-BFFC-15F9EB452314}.Debug|Any CPU.Build.0 = Debug|Any CPU
		{4E7FE4C4-6513-41C2-BFFC-15F9EB452314}.Release|Any CPU.ActiveCfg = Release|Any CPU
		{4E7FE4C4-6513-41C2-BFFC-15F9EB452314}.Release|Any CPU.Build.0 = Release|Any CPU
		{00171824-D2C2-45C2-8619-410765B3308E}.Debug|Any CPU.ActiveCfg = Debug|Any CPU
		{00171824-D2C2-45C2-8619-410765B3308E}.Debug|Any CPU.Build.0 = Debug|Any CPU
		{00171824-D2C2-45C2-8619-410765B3308E}.Release|Any CPU.ActiveCfg = Release|Any CPU
		{00171824-D2C2-45C2-8619-410765B3308E}.Release|Any CPU.Build.0 = Release|Any CPU
		{80FE84B3-7D31-400B-963A-FADE72002EE3}.Debug|Any CPU.ActiveCfg = Debug|Any CPU
		{80FE84B3-7D31-400B-963A-FADE72002EE3}.Debug|Any CPU.Build.0 = Debug|Any CPU
		{80FE84B3-7D31-400B-963A-FADE72002EE3}.Release|Any CPU.ActiveCfg = Release|Any CPU
		{80FE84B3-7D31-400B-963A-FADE72002EE3}.Release|Any CPU.Build.0 = Release|Any CPU
	EndGlobalSection
	GlobalSection(SolutionProperties) = preSolution
		HideSolutionNode = FALSE
	EndGlobalSection
	GlobalSection(ExtensibilityGlobals) = postSolution
		SolutionGuid = {49A2644F-C96D-4D66-9756-DA9545B19FE7}
	EndGlobalSection
EndGlobal
